
Microsoft Visual Studio Solution File, Format Version 12.00
# Visual Studio 14
VisualStudioVersion = 14.0.25420.1
MinimumVisualStudioVersion = 10.0.40219.1
Project("{9A19103F-16F7-4668-BE54-9A1E7A4F7556}") = "CSharpTen", "CSharpTen\CSharpTen.csproj", "{06FD2D44-2E4F-4AE3-B78B-0C5FC43C8CB0}"
EndProject
Project("{FAE04EC0-301F-11D3-BF4B-00C04F79EFBC}") = "ConsoleIO", "ConsoleIO\ConsoleIO.csproj", "{CD13A89D-ACC4-41CD-8F05-EB36BD6EC4E4}"
EndProject
Project("{FAE04EC0-301F-11D3-BF4B-00C04F79EFBC}") = "VariableAndType", "VariableAndType\VariableAndType.csproj", "{6F278784-80A4-4EC8-9D0F-AC9D722F78A5}"
EndProject
Project("{FAE04EC0-301F-11D3-BF4B-00C04F79EFBC}") = "CharAndString", "CharAndString\CharAndString.csproj", "{79E8BF17-7F6E-46E2-81F2-F2A0A854A620}"
EndProject
Project("{FAE04EC0-301F-11D3-BF4B-00C04F79EFBC}") = "ConsoleWirte", "ConsoleWirte\ConsoleWirte.csproj", "{BEDB9F14-42AE-4A95-B478-632F580BA273}"
EndProject
Project("{FAE04EC0-301F-11D3-BF4B-00C04F79EFBC}") = "ConsoleWriteMulti.cs", "ConsoleWriteMulti.cs\ConsoleWriteMulti.cs.csproj", "{25DF8391-4205-4AC6-8BB1-178BA4CF55C8}"
EndProject
Project("{FAE04EC0-301F-11D3-BF4B-00C04F79EFBC}") = "VariablesAndWrite", "VariablesAndWrite\VariablesAndWrite.csproj", "{ED7F8C38-E8D2-42A7-ABA2-AD942808BF81}"
EndProject
Project("{FAE04EC0-301F-11D3-BF4B-00C04F79EFBC}") = "ConsoleFormat", "ConsoleFormat\ConsoleFormat.csproj", "{F3F778DF-792B-4EDC-BA12-A149DBACE2AB}"
EndProject
Project("{FAE04EC0-301F-11D3-BF4B-00C04F79EFBC}") = "formatSpecifier", "formatSpecifier\formatSpecifier.csproj", "{BF7CAAD6-9542-4DBB-9C19-70661B428DE3}"
EndProject
Project("{FAE04EC0-301F-11D3-BF4B-00C04F79EFBC}") = "FloatDoubleDecimal", "FloatDoubleDecimal\FloatDoubleDecimal.csproj", "{782756AA-FDB2-4734-9CA2-9E95F0B01DCC}"
EndProject
Global
	GlobalSection(SolutionConfigurationPlatforms) = preSolution
		Debug|Any CPU = Debug|Any CPU
		Release|Any CPU = Release|Any CPU
	EndGlobalSection
	GlobalSection(ProjectConfigurationPlatforms) = postSolution
		{06FD2D44-2E4F-4AE3-B78B-0C5FC43C8CB0}.Debug|Any CPU.ActiveCfg = Debug|Any CPU
		{06FD2D44-2E4F-4AE3-B78B-0C5FC43C8CB0}.Debug|Any CPU.Build.0 = Debug|Any CPU
		{06FD2D44-2E4F-4AE3-B78B-0C5FC43C8CB0}.Release|Any CPU.ActiveCfg = Release|Any CPU
		{06FD2D44-2E4F-4AE3-B78B-0C5FC43C8CB0}.Release|Any CPU.Build.0 = Release|Any CPU
		{CD13A89D-ACC4-41CD-8F05-EB36BD6EC4E4}.Debug|Any CPU.ActiveCfg = Debug|Any CPU
		{CD13A89D-ACC4-41CD-8F05-EB36BD6EC4E4}.Debug|Any CPU.Build.0 = Debug|Any CPU
		{CD13A89D-ACC4-41CD-8F05-EB36BD6EC4E4}.Release|Any CPU.ActiveCfg = Release|Any CPU
		{CD13A89D-ACC4-41CD-8F05-EB36BD6EC4E4}.Release|Any CPU.Build.0 = Release|Any CPU
		{6F278784-80A4-4EC8-9D0F-AC9D722F78A5}.Debug|Any CPU.ActiveCfg = Debug|Any CPU
		{6F278784-80A4-4EC8-9D0F-AC9D722F78A5}.Debug|Any CPU.Build.0 = Debug|Any CPU
		{6F278784-80A4-4EC8-9D0F-AC9D722F78A5}.Release|Any CPU.ActiveCfg = Release|Any CPU
		{6F278784-80A4-4EC8-9D0F-AC9D722F78A5}.Release|Any CPU.Build.0 = Release|Any CPU
		{79E8BF17-7F6E-46E2-81F2-F2A0A854A620}.Debug|Any CPU.ActiveCfg = Debug|Any CPU
		{79E8BF17-7F6E-46E2-81F2-F2A0A854A620}.Debug|Any CPU.Build.0 = Debug|Any CPU
		{79E8BF17-7F6E-46E2-81F2-F2A0A854A620}.Release|Any CPU.ActiveCfg = Release|Any CPU
		{79E8BF17-7F6E-46E2-81F2-F2A0A854A620}.Release|Any CPU.Build.0 = Release|Any CPU
		{BEDB9F14-42AE-4A95-B478-632F580BA273}.Debug|Any CPU.ActiveCfg = Debug|Any CPU
		{BEDB9F14-42AE-4A95-B478-632F580BA273}.Debug|Any CPU.Build.0 = Debug|Any CPU
		{BEDB9F14-42AE-4A95-B478-632F580BA273}.Release|Any CPU.ActiveCfg = Release|Any CPU
		{BEDB9F14-42AE-4A95-B478-632F580BA273}.Release|Any CPU.Build.0 = Release|Any CPU
		{25DF8391-4205-4AC6-8BB1-178BA4CF55C8}.Debug|Any CPU.ActiveCfg = Debug|Any CPU
		{25DF8391-4205-4AC6-8BB1-178BA4CF55C8}.Debug|Any CPU.Build.0 = Debug|Any CPU
		{25DF8391-4205-4AC6-8BB1-178BA4CF55C8}.Release|Any CPU.ActiveCfg = Release|Any CPU
		{25DF8391-4205-4AC6-8BB1-178BA4CF55C8}.Release|Any CPU.Build.0 = Release|Any CPU
		{ED7F8C38-E8D2-42A7-ABA2-AD942808BF81}.Debug|Any CPU.ActiveCfg = Debug|Any CPU
		{ED7F8C38-E8D2-42A7-ABA2-AD942808BF81}.Debug|Any CPU.Build.0 = Debug|Any CPU
		{ED7F8C38-E8D2-42A7-ABA2-AD942808BF81}.Release|Any CPU.ActiveCfg = Release|Any CPU
		{ED7F8C38-E8D2-42A7-ABA2-AD942808BF81}.Release|Any CPU.Build.0 = Release|Any CPU
		{F3F778DF-792B-4EDC-BA12-A149DBACE2AB}.Debug|Any CPU.ActiveCfg = Debug|Any CPU
		{F3F778DF-792B-4EDC-BA12-A149DBACE2AB}.Debug|Any CPU.Build.0 = Debug|Any CPU
		{F3F778DF-792B-4EDC-BA12-A149DBACE2AB}.Release|Any CPU.ActiveCfg = Release|Any CPU
		{F3F778DF-792B-4EDC-BA12-A149DBACE2AB}.Release|Any CPU.Build.0 = Release|Any CPU
		{BF7CAAD6-9542-4DBB-9C19-70661B428DE3}.Debug|Any CPU.ActiveCfg = Debug|Any CPU
		{BF7CAAD6-9542-4DBB-9C19-70661B428DE3}.Debug|Any CPU.Build.0 = Debug|Any CPU
		{BF7CAAD6-9542-4DBB-9C19-70661B428DE3}.Release|Any CPU.ActiveCfg = Release|Any CPU
		{BF7CAAD6-9542-4DBB-9C19-70661B428DE3}.Release|Any CPU.Build.0 = Release|Any CPU
		{782756AA-FDB2-4734-9CA2-9E95F0B01DCC}.Debug|Any CPU.ActiveCfg = Debug|Any CPU
		{782756AA-FDB2-4734-9CA2-9E95F0B01DCC}.Debug|Any CPU.Build.0 = Debug|Any CPU
		{782756AA-FDB2-4734-9CA2-9E95F0B01DCC}.Release|Any CPU.ActiveCfg = Release|Any CPU
		{782756AA-FDB2-4734-9CA2-9E95F0B01DCC}.Release|Any CPU.Build.0 = Release|Any CPU
	EndGlobalSection
	GlobalSection(SolutionProperties) = preSolution
		HideSolutionNode = FALSE
	EndGlobalSection
	GlobalSection(ExtensibilityGlobals) = postSolution
		SolutionGuid = {603949C0-8944-4B6A-8626-73EE71A3D1A7}
	EndGlobalSection
EndGlobal
